
Microsoft Visual Studio Solution File, Format Version 12.00
# Visual Studio 15
VisualStudioVersion = 15.0.28307.1209
MinimumVisualStudioVersion = 10.0.40219.1
Project("{FAE04EC0-301F-11D3-BF4B-00C04F79EFBC}") = "Radial.Charts", "Radial.Charts\Radial.Charts.csproj", "{2306A577-C71E-4530-B24F-71D6D9B09B61}"
EndProject
Global
	GlobalSection(SolutionConfigurationPlatforms) = preSolution
		Debug|Any CPU = Debug|Any CPU
		Release|Any CPU = Release|Any CPU
	EndGlobalSection
	GlobalSection(ProjectConfigurationPlatforms) = postSolution
		{2306A577-C71E-4530-B24F-71D6D9B09B61}.Debug|Any CPU.ActiveCfg = Debug|Any CPU
		{2306A577-C71E-4530-B24F-71D6D9B09B61}.Debug|Any CPU.Build.0 = Debug|Any CPU
		{2306A577-C71E-4530-B24F-71D6D9B09B61}.Release|Any CPU.ActiveCfg = Release|Any CPU
		{2306A577-C71E-4530-B24F-71D6D9B09B61}.Release|Any CPU.Build.0 = Release|Any CPU
	EndGlobalSection
	GlobalSection(SolutionProperties) = preSolution
		HideSolutionNode = FALSE
	EndGlobalSection
	GlobalSection(ExtensibilityGlobals) = postSolution
		SolutionGuid = {95245602-82E9-41A2-BFB7-BB2B1698BC7B}
	EndGlobalSection
EndGlobal
